
Microsoft Visual Studio Solution File, Format Version 12.00
# Visual Studio Version 16
VisualStudioVersion = 16.0.30320.27
MinimumVisualStudioVersion = 10.0.40219.1
Project("{FAE04EC0-301F-11D3-BF4B-00C04F79EFBC}") = "clinicbot", "clinicbot\clinicbot.csproj", "{03368B18-3A61-40D6-B893-0B55C9B74C81}"
EndProject
Global
	GlobalSection(SolutionConfigurationPlatforms) = preSolution
		Debug|Any CPU = Debug|Any CPU
		Release|Any CPU = Release|Any CPU
	EndGlobalSection
	GlobalSection(ProjectConfigurationPlatforms) = postSolution
		{03368B18-3A61-40D6-B893-0B55C9B74C81}.Debug|Any CPU.ActiveCfg = Debug|Any CPU
		{03368B18-3A61-40D6-B893-0B55C9B74C81}.Debug|Any CPU.Build.0 = Debug|Any CPU
		{03368B18-3A61-40D6-B893-0B55C9B74C81}.Release|Any CPU.ActiveCfg = Release|Any CPU
		{03368B18-3A61-40D6-B893-0B55C9B74C81}.Release|Any CPU.Build.0 = Release|Any CPU
	EndGlobalSection
	GlobalSection(SolutionProperties) = preSolution
		HideSolutionNode = FALSE
	EndGlobalSection
	GlobalSection(ExtensibilityGlobals) = postSolution
		SolutionGuid = {83C1D027-DD50-4CA9-AC58-57F8677F40FA}
	EndGlobalSection
EndGlobal
